
Microsoft Visual Studio Solution File, Format Version 12.00
# Visual Studio Version 17
VisualStudioVersion = 17.4.33205.214
MinimumVisualStudioVersion = 10.0.40219.1
Project("{9A19103F-16F7-4668-BE54-9A1E7A4F7556}") = "ProjetoFinalManuela", "ProjetoFinalManuela.csproj", "{2B69682F-3E6F-47D2-A1F2-D31DAFAEAD39}"
EndProject
Global
	GlobalSection(SolutionConfigurationPlatforms) = preSolution
		Debug|Any CPU = Debug|Any CPU
		Release|Any CPU = Release|Any CPU
	EndGlobalSection
	GlobalSection(ProjectConfigurationPlatforms) = postSolution
		{2B69682F-3E6F-47D2-A1F2-D31DAFAEAD39}.Debug|Any CPU.ActiveCfg = Debug|Any CPU
		{2B69682F-3E6F-47D2-A1F2-D31DAFAEAD39}.Debug|Any CPU.Build.0 = Debug|Any CPU
		{2B69682F-3E6F-47D2-A1F2-D31DAFAEAD39}.Release|Any CPU.ActiveCfg = Release|Any CPU
		{2B69682F-3E6F-47D2-A1F2-D31DAFAEAD39}.Release|Any CPU.Build.0 = Release|Any CPU
	EndGlobalSection
	GlobalSection(SolutionProperties) = preSolution
		HideSolutionNode = FALSE
	EndGlobalSection
	GlobalSection(ExtensibilityGlobals) = postSolution
		SolutionGuid = {F69B780B-DA08-4223-93DD-C457FD62BDB0}
	EndGlobalSection
EndGlobal
